// !$*UTF8*$!
{
	archiveVersion = 1;
	classes = {
	};
	objectVersion = 46;
	objects = {

/* Begin PBXBuildFile section */
		53174DC11D4BAF1500DB6AFC /* PYMeViewController.storyboard in Resources */ = {isa = PBXBuildFile; fileRef = 53174DC01D4BAF1500DB6AFC /* PYMeViewController.storyboard */; };
		53174DC51D4BBBC000DB6AFC /* PYMyViewController.m in Sources */ = {isa = PBXBuildFile; fileRef = 53174DC31D4BBBC000DB6AFC /* PYMyViewController.m */; };
		53174DC61D4BBBC000DB6AFC /* PYMyViewController.xib in Resources */ = {isa = PBXBuildFile; fileRef = 53174DC41D4BBBC000DB6AFC /* PYMyViewController.xib */; };
		537A64711D464EF200F1E6CC /* Main.storyboard in Resources */ = {isa = PBXBuildFile; fileRef = 537A646F1D464EF200F1E6CC /* Main.storyboard */; };
		537A64731D464EF200F1E6CC /* Assets.xcassets in Resources */ = {isa = PBXBuildFile; fileRef = 537A64721D464EF200F1E6CC /* Assets.xcassets */; };
		537A64761D464EF200F1E6CC /* LaunchScreen.storyboard in Resources */ = {isa = PBXBuildFile; fileRef = 537A64741D464EF200F1E6CC /* LaunchScreen.storyboard */; };
		53D279D51D47217600E387BD /* AppDelegate.m in Sources */ = {isa = PBXBuildFile; fileRef = 53D279CF1D47217600E387BD /* AppDelegate.m */; };
		53D279D61D47217600E387BD /* main.m in Sources */ = {isa = PBXBuildFile; fileRef = 53D279D01D47217600E387BD /* main.m */; };
		53D279EC1D49F4D700E387BD /* NSDate+ZWDate.m in Sources */ = {isa = PBXBuildFile; fileRef = 53D279E31D49F4D700E387BD /* NSDate+ZWDate.m */; };
		53D279ED1D49F4D700E387BD /* UIBarButtonItem+navItem.m in Sources */ = {isa = PBXBuildFile; fileRef = 53D279E51D49F4D700E387BD /* UIBarButtonItem+navItem.m */; };
		53D279EE1D49F4D700E387BD /* UIImage+Image.m in Sources */ = {isa = PBXBuildFile; fileRef = 53D279E71D49F4D700E387BD /* UIImage+Image.m */; };
		53D279EF1D49F4D700E387BD /* UITextField+ZWPlaceholder.m in Sources */ = {isa = PBXBuildFile; fileRef = 53D279E91D49F4D700E387BD /* UITextField+ZWPlaceholder.m */; };
		53D279F01D49F4D700E387BD /* UIView+Frame.m in Sources */ = {isa = PBXBuildFile; fileRef = 53D279EB1D49F4D700E387BD /* UIView+Frame.m */; };
		53D279FE1D49F7C500E387BD /* PYTabBarController.m in Sources */ = {isa = PBXBuildFile; fileRef = 53D279FD1D49F7C500E387BD /* PYTabBarController.m */; };
		53D27A011D49F9C100E387BD /* PYNavigationController.m in Sources */ = {isa = PBXBuildFile; fileRef = 53D27A001D49F9C100E387BD /* PYNavigationController.m */; };
		53D27A041D49FE4100E387BD /* PYPlantLifeViewController.m in Sources */ = {isa = PBXBuildFile; fileRef = 53D27A031D49FE4100E387BD /* PYPlantLifeViewController.m */; };
		53D27A0A1D49FEFD00E387BD /* PYPlantsViewController.m in Sources */ = {isa = PBXBuildFile; fileRef = 53D27A091D49FEFD00E387BD /* PYPlantsViewController.m */; };
		53D27A0D1D49FF4B00E387BD /* PYMeViewController.m in Sources */ = {isa = PBXBuildFile; fileRef = 53D27A0C1D49FF4B00E387BD /* PYMeViewController.m */; };
		53D27A111D4A03C600E387BD /* info-cover.jpg in Resources */ = {isa = PBXBuildFile; fileRef = 53D27A0E1D4A03C600E387BD /* info-cover.jpg */; };
		53D27A121D4A03C600E387BD /* launch.png in Resources */ = {isa = PBXBuildFile; fileRef = 53D27A0F1D4A03C600E387BD /* launch.png */; };
		53D27A131D4A03C600E387BD /* LaunchImage-700-568h@2x.png in Resources */ = {isa = PBXBuildFile; fileRef = 53D27A101D4A03C600E387BD /* LaunchImage-700-568h@2x.png */; };
		53D27A191D4B59EE00E387BD /* PYTopMenuModel.m in Sources */ = {isa = PBXBuildFile; fileRef = 53D27A181D4B59EE00E387BD /* PYTopMenuModel.m */; };
		E3E274CB5DBE7EACACE3DCC7 /* libPods-PlantsYou.a in Frameworks */ = {isa = PBXBuildFile; fileRef = F777B10B594F1447D12370BB /* libPods-PlantsYou.a */; };
/* End PBXBuildFile section */

/* Begin PBXFileReference section */
		151AA40DBF37694CBBBADE46 /* Pods-PlantsYou.release.xcconfig */ = {isa = PBXFileReference; includeInIndex = 1; lastKnownFileType = text.xcconfig; name = "Pods-PlantsYou.release.xcconfig"; path = "Pods/Target Support Files/Pods-PlantsYou/Pods-PlantsYou.release.xcconfig"; sourceTree = "<group>"; };
		1BCBD68419FAB80EFE57CC8D /* Pods-PlantsYou.debug.xcconfig */ = {isa = PBXFileReference; includeInIndex = 1; lastKnownFileType = text.xcconfig; name = "Pods-PlantsYou.debug.xcconfig"; path = "Pods/Target Support Files/Pods-PlantsYou/Pods-PlantsYou.debug.xcconfig"; sourceTree = "<group>"; };
		53174DC01D4BAF1500DB6AFC /* PYMeViewController.storyboard */ = {isa = PBXFileReference; fileEncoding = 4; lastKnownFileType = file.storyboard; path = PYMeViewController.storyboard; sourceTree = "<group>"; };
		53174DC21D4BBBC000DB6AFC /* PYMyViewController.h */ = {isa = PBXFileReference; fileEncoding = 4; lastKnownFileType = sourcecode.c.h; path = PYMyViewController.h; sourceTree = "<group>"; };
		53174DC31D4BBBC000DB6AFC /* PYMyViewController.m */ = {isa = PBXFileReference; fileEncoding = 4; lastKnownFileType = sourcecode.c.objc; path = PYMyViewController.m; sourceTree = "<group>"; };
		53174DC41D4BBBC000DB6AFC /* PYMyViewController.xib */ = {isa = PBXFileReference; fileEncoding = 4; lastKnownFileType = file.xib; path = PYMyViewController.xib; sourceTree = "<group>"; };
		537A64631D464EF200F1E6CC /* PlantsYou.app */ = {isa = PBXFileReference; explicitFileType = wrapper.application; includeInIndex = 0; path = PlantsYou.app; sourceTree = BUILT_PRODUCTS_DIR; };
		537A64671D464EF200F1E6CC /* main.m */ = {isa = PBXFileReference; lastKnownFileType = sourcecode.c.objc; path = main.m; sourceTree = "<group>"; };
		537A64701D464EF200F1E6CC /* Base */ = {isa = PBXFileReference; lastKnownFileType = file.storyboard; name = Base; path = Base.lproj/Main.storyboard; sourceTree = "<group>"; };
		537A64721D464EF200F1E6CC /* Assets.xcassets */ = {isa = PBXFileReference; lastKnownFileType = folder.assetcatalog; path = Assets.xcassets; sourceTree = "<group>"; };
		537A64751D464EF200F1E6CC /* Base */ = {isa = PBXFileReference; lastKnownFileType = file.storyboard; name = Base; path = Base.lproj/LaunchScreen.storyboard; sourceTree = "<group>"; };
		537A64771D464EF200F1E6CC /* Info.plist */ = {isa = PBXFileReference; lastKnownFileType = text.plist.xml; path = Info.plist; sourceTree = "<group>"; };
		53D279CE1D47217600E387BD /* AppDelegate.h */ = {isa = PBXFileReference; fileEncoding = 4; lastKnownFileType = sourcecode.c.h; path = AppDelegate.h; sourceTree = "<group>"; };
		53D279CF1D47217600E387BD /* AppDelegate.m */ = {isa = PBXFileReference; fileEncoding = 4; lastKnownFileType = sourcecode.c.objc; path = AppDelegate.m; sourceTree = "<group>"; };
		53D279D01D47217600E387BD /* main.m */ = {isa = PBXFileReference; fileEncoding = 4; lastKnownFileType = sourcecode.c.objc; path = main.m; sourceTree = "<group>"; };
		53D279E01D49F42900E387BD /* PlantsYou.pch */ = {isa = PBXFileReference; lastKnownFileType = sourcecode.c.h; path = PlantsYou.pch; sourceTree = "<group>"; };
		53D279E21D49F4D700E387BD /* NSDate+ZWDate.h */ = {isa = PBXFileReference; fileEncoding = 4; lastKnownFileType = sourcecode.c.h; path = "NSDate+ZWDate.h"; sourceTree = "<group>"; };
		53D279E31D49F4D700E387BD /* NSDate+ZWDate.m */ = {isa = PBXFileReference; fileEncoding = 4; lastKnownFileType = sourcecode.c.objc; path = "NSDate+ZWDate.m"; sourceTree = "<group>"; };
		53D279E41D49F4D700E387BD /* UIBarButtonItem+navItem.h */ = {isa = PBXFileReference; fileEncoding = 4; lastKnownFileType = sourcecode.c.h; path = "UIBarButtonItem+navItem.h"; sourceTree = "<group>"; };
		53D279E51D49F4D700E387BD /* UIBarButtonItem+navItem.m */ = {isa = PBXFileReference; fileEncoding = 4; lastKnownFileType = sourcecode.c.objc; path = "UIBarButtonItem+navItem.m"; sourceTree = "<group>"; };
		53D279E61D49F4D700E387BD /* UIImage+Image.h */ = {isa = PBXFileReference; fileEncoding = 4; lastKnownFileType = sourcecode.c.h; path = "UIImage+Image.h"; sourceTree = "<group>"; };
		53D279E71D49F4D700E387BD /* UIImage+Image.m */ = {isa = PBXFileReference; fileEncoding = 4; lastKnownFileType = sourcecode.c.objc; path = "UIImage+Image.m"; sourceTree = "<group>"; };
		53D279E81D49F4D700E387BD /* UITextField+ZWPlaceholder.h */ = {isa = PBXFileReference; fileEncoding = 4; lastKnownFileType = sourcecode.c.h; path = "UITextField+ZWPlaceholder.h"; sourceTree = "<group>"; };
		53D279E91D49F4D700E387BD /* UITextField+ZWPlaceholder.m */ = {isa = PBXFileReference; fileEncoding = 4; lastKnownFileType = sourcecode.c.objc; path = "UITextField+ZWPlaceholder.m"; sourceTree = "<group>"; };
		53D279EA1D49F4D700E387BD /* UIView+Frame.h */ = {isa = PBXFileReference; fileEncoding = 4; lastKnownFileType = sourcecode.c.h; path = "UIView+Frame.h"; sourceTree = "<group>"; };
		53D279EB1D49F4D700E387BD /* UIView+Frame.m */ = {isa = PBXFileReference; fileEncoding = 4; lastKnownFileType = sourcecode.c.objc; path = "UIView+Frame.m"; sourceTree = "<group>"; };
		53D279FC1D49F7C500E387BD /* PYTabBarController.h */ = {isa = PBXFileReference; fileEncoding = 4; lastKnownFileType = sourcecode.c.h; path = PYTabBarController.h; sourceTree = "<group>"; };
		53D279FD1D49F7C500E387BD /* PYTabBarController.m */ = {isa = PBXFileReference; fileEncoding = 4; lastKnownFileType = sourcecode.c.objc; path = PYTabBarController.m; sourceTree = "<group>"; };
		53D279FF1D49F9C100E387BD /* PYNavigationController.h */ = {isa = PBXFileReference; fileEncoding = 4; lastKnownFileType = sourcecode.c.h; path = PYNavigationController.h; sourceTree = "<group>"; };
		53D27A001D49F9C100E387BD /* PYNavigationController.m */ = {isa = PBXFileReference; fileEncoding = 4; lastKnownFileType = sourcecode.c.objc; path = PYNavigationController.m; sourceTree = "<group>"; };
		53D27A021D49FE4100E387BD /* PYPlantLifeViewController.h */ = {isa = PBXFileReference; fileEncoding = 4; lastKnownFileType = sourcecode.c.h; path = PYPlantLifeViewController.h; sourceTree = "<group>"; };
		53D27A031D49FE4100E387BD /* PYPlantLifeViewController.m */ = {isa = PBXFileReference; fileEncoding = 4; lastKnownFileType = sourcecode.c.objc; path = PYPlantLifeViewController.m; sourceTree = "<group>"; };
		53D27A081D49FEFD00E387BD /* PYPlantsViewController.h */ = {isa = PBXFileReference; fileEncoding = 4; lastKnownFileType = sourcecode.c.h; path = PYPlantsViewController.h; sourceTree = "<group>"; };
		53D27A091D49FEFD00E387BD /* PYPlantsViewController.m */ = {isa = PBXFileReference; fileEncoding = 4; lastKnownFileType = sourcecode.c.objc; path = PYPlantsViewController.m; sourceTree = "<group>"; };
		53D27A0B1D49FF4A00E387BD /* PYMeViewController.h */ = {isa = PBXFileReference; fileEncoding = 4; lastKnownFileType = sourcecode.c.h; path = PYMeViewController.h; sourceTree = "<group>"; };
		53D27A0C1D49FF4B00E387BD /* PYMeViewController.m */ = {isa = PBXFileReference; fileEncoding = 4; lastKnownFileType = sourcecode.c.objc; path = PYMeViewController.m; sourceTree = "<group>"; };
		53D27A0E1D4A03C600E387BD /* info-cover.jpg */ = {isa = PBXFileReference; lastKnownFileType = image.jpeg; path = "info-cover.jpg"; sourceTree = "<group>"; };
		53D27A0F1D4A03C600E387BD /* launch.png */ = {isa = PBXFileReference; lastKnownFileType = image.png; path = launch.png; sourceTree = "<group>"; };
		53D27A101D4A03C600E387BD /* LaunchImage-700-568h@2x.png */ = {isa = PBXFileReference; lastKnownFileType = image.png; path = "LaunchImage-700-568h@2x.png"; sourceTree = "<group>"; };
		53D27A171D4B59EE00E387BD /* PYTopMenuModel.h */ = {isa = PBXFileReference; fileEncoding = 4; lastKnownFileType = sourcecode.c.h; path = PYTopMenuModel.h; sourceTree = "<group>"; };
		53D27A181D4B59EE00E387BD /* PYTopMenuModel.m */ = {isa = PBXFileReference; fileEncoding = 4; lastKnownFileType = sourcecode.c.objc; path = PYTopMenuModel.m; sourceTree = "<group>"; };
		F777B10B594F1447D12370BB /* libPods-PlantsYou.a */ = {isa = PBXFileReference; explicitFileType = archive.ar; includeInIndex = 0; path = "libPods-PlantsYou.a"; sourceTree = BUILT_PRODUCTS_DIR; };
/* End PBXFileReference section */

/* Begin PBXFrameworksBuildPhase section */
		537A64601D464EF200F1E6CC /* Frameworks */ = {
			isa = PBXFrameworksBuildPhase;
			buildActionMask = 2147483647;
			files = (
				E3E274CB5DBE7EACACE3DCC7 /* libPods-PlantsYou.a in Frameworks */,
			);
			runOnlyForDeploymentPostprocessing = 0;
		};
/* End PBXFrameworksBuildPhase section */

/* Begin PBXGroup section */
		39A6EE078D999327C15DD711 /* Frameworks */ = {
			isa = PBXGroup;
			children = (
				F777B10B594F1447D12370BB /* libPods-PlantsYou.a */,
			);
			name = Frameworks;
			sourceTree = "<group>";
		};
		537A645A1D464EF200F1E6CC = {
			isa = PBXGroup;
			children = (
				537A64651D464EF200F1E6CC /* PlantsYou */,
				537A64641D464EF200F1E6CC /* Products */,
				C6840F0956CE7DC77A8C5F28 /* Pods */,
				39A6EE078D999327C15DD711 /* Frameworks */,
			);
			sourceTree = "<group>";
		};
		537A64641D464EF200F1E6CC /* Products */ = {
			isa = PBXGroup;
			children = (
				537A64631D464EF200F1E6CC /* PlantsYou.app */,
			);
			name = Products;
			sourceTree = "<group>";
		};
		537A64651D464EF200F1E6CC /* PlantsYou */ = {
			isa = PBXGroup;
			children = (
				53D279C71D47217600E387BD /* Classes */,
				537A646F1D464EF200F1E6CC /* Main.storyboard */,
				537A64721D464EF200F1E6CC /* Assets.xcassets */,
				537A64741D464EF200F1E6CC /* LaunchScreen.storyboard */,
				537A64771D464EF200F1E6CC /* Info.plist */,
				53D27A0E1D4A03C600E387BD /* info-cover.jpg */,
				53D27A0F1D4A03C600E387BD /* launch.png */,
				53D27A101D4A03C600E387BD /* LaunchImage-700-568h@2x.png */,
				537A64661D464EF200F1E6CC /* Supporting Files */,
			);
			path = PlantsYou;
			sourceTree = "<group>";
		};
		537A64661D464EF200F1E6CC /* Supporting Files */ = {
			isa = PBXGroup;
			children = (
				537A64671D464EF200F1E6CC /* main.m */,
			);
			name = "Supporting Files";
			sourceTree = "<group>";
		};
		53D279C71D47217600E387BD /* Classes */ = {
			isa = PBXGroup;
			children = (
				53D279F81D49F79200E387BD /* Main */,
				53D279F11D49F76700E387BD /* PlantLife */,
				53D279D11D47217600E387BD /* Plants */,
				53D279CC1D47217600E387BD /* Me */,
				53D279CD1D47217600E387BD /* Others */,
			);
			path = Classes;
			sourceTree = "<group>";
		};
		53D279CC1D47217600E387BD /* Me */ = {
			isa = PBXGroup;
			children = (
				53D279F51D49F78A00E387BD /* Controller */,
				53D279F61D49F78A00E387BD /* Model */,
				53D279F71D49F78A00E387BD /* View */,
			);
			path = Me;
			sourceTree = "<group>";
		};
		53D279CD1D47217600E387BD /* Others */ = {
			isa = PBXGroup;
			children = (
				53D279E11D49F4D700E387BD /* Category */,
				53D279CE1D47217600E387BD /* AppDelegate.h */,
				53D279CF1D47217600E387BD /* AppDelegate.m */,
				53D279D01D47217600E387BD /* main.m */,
				53D279E01D49F42900E387BD /* PlantsYou.pch */,
			);
			path = Others;
			sourceTree = "<group>";
		};
		53D279D11D47217600E387BD /* Plants */ = {
			isa = PBXGroup;
			children = (
				53D279D21D47217600E387BD /* Controller */,
				53D279D31D47217600E387BD /* Model */,
				53D279D41D47217600E387BD /* View */,
			);
			path = Plants;
			sourceTree = "<group>";
		};
		53D279D21D47217600E387BD /* Controller */ = {
			isa = PBXGroup;
			children = (
				53D27A081D49FEFD00E387BD /* PYPlantsViewController.h */,
				53D27A091D49FEFD00E387BD /* PYPlantsViewController.m */,
			);
			path = Controller;
			sourceTree = "<group>";
		};
		53D279D31D47217600E387BD /* Model */ = {
			isa = PBXGroup;
			children = (
			);
			path = Model;
			sourceTree = "<group>";
		};
		53D279D41D47217600E387BD /* View */ = {
			isa = PBXGroup;
			children = (
			);
			path = View;
			sourceTree = "<group>";
		};
		53D279E11D49F4D700E387BD /* Category */ = {
			isa = PBXGroup;
			children = (
				53D279E21D49F4D700E387BD /* NSDate+ZWDate.h */,
				53D279E31D49F4D700E387BD /* NSDate+ZWDate.m */,
				53D279E41D49F4D700E387BD /* UIBarButtonItem+navItem.h */,
				53D279E51D49F4D700E387BD /* UIBarButtonItem+navItem.m */,
				53D279E61D49F4D700E387BD /* UIImage+Image.h */,
				53D279E71D49F4D700E387BD /* UIImage+Image.m */,
				53D279E81D49F4D700E387BD /* UITextField+ZWPlaceholder.h */,
				53D279E91D49F4D700E387BD /* UITextField+ZWPlaceholder.m */,
				53D279EA1D49F4D700E387BD /* UIView+Frame.h */,
				53D279EB1D49F4D700E387BD /* UIView+Frame.m */,
			);
			path = Category;
			sourceTree = "<group>";
		};
		53D279F11D49F76700E387BD /* PlantLife */ = {
			isa = PBXGroup;
			children = (
				53D279F21D49F76700E387BD /* Controller */,
				53D279F31D49F76700E387BD /* Model */,
				53D279F41D49F76700E387BD /* View */,
			);
			path = PlantLife;
			sourceTree = "<group>";
		};
		53D279F21D49F76700E387BD /* Controller */ = {
			isa = PBXGroup;
			children = (
				53D27A021D49FE4100E387BD /* PYPlantLifeViewController.h */,
				53D27A031D49FE4100E387BD /* PYPlantLifeViewController.m */,
			);
			path = Controller;
			sourceTree = "<group>";
		};
		53D279F31D49F76700E387BD /* Model */ = {
			isa = PBXGroup;
			children = (
				53D27A171D4B59EE00E387BD /* PYTopMenuModel.h */,
				53D27A181D4B59EE00E387BD /* PYTopMenuModel.m */,
			);
			path = Model;
			sourceTree = "<group>";
		};
		53D279F41D49F76700E387BD /* View */ = {
			isa = PBXGroup;
			children = (
			);
			path = View;
			sourceTree = "<group>";
		};
		53D279F51D49F78A00E387BD /* Controller */ = {
			isa = PBXGroup;
			children = (
				53D27A0B1D49FF4A00E387BD /* PYMeViewController.h */,
				53D27A0C1D49FF4B00E387BD /* PYMeViewController.m */,
				53174DC01D4BAF1500DB6AFC /* PYMeViewController.storyboard */,
				53174DC21D4BBBC000DB6AFC /* PYMyViewController.h */,
				53174DC31D4BBBC000DB6AFC /* PYMyViewController.m */,
				53174DC41D4BBBC000DB6AFC /* PYMyViewController.xib */,
			);
			path = Controller;
			sourceTree = "<group>";
		};
		53D279F61D49F78A00E387BD /* Model */ = {
			isa = PBXGroup;
			children = (
			);
			path = Model;
			sourceTree = "<group>";
		};
		53D279F71D49F78A00E387BD /* View */ = {
			isa = PBXGroup;
			children = (
			);
			path = View;
			sourceTree = "<group>";
		};
		53D279F81D49F79200E387BD /* Main */ = {
			isa = PBXGroup;
			children = (
				53D279F91D49F79200E387BD /* Controller */,
				53D279FA1D49F79200E387BD /* Model */,
				53D279FB1D49F79200E387BD /* View */,
			);
			path = Main;
			sourceTree = "<group>";
		};
		53D279F91D49F79200E387BD /* Controller */ = {
			isa = PBXGroup;
			children = (
				53D279FC1D49F7C500E387BD /* PYTabBarController.h */,
				53D279FD1D49F7C500E387BD /* PYTabBarController.m */,
				53D279FF1D49F9C100E387BD /* PYNavigationController.h */,
				53D27A001D49F9C100E387BD /* PYNavigationController.m */,
			);
			path = Controller;
			sourceTree = "<group>";
		};
		53D279FA1D49F79200E387BD /* Model */ = {
			isa = PBXGroup;
			children = (
			);
			path = Model;
			sourceTree = "<group>";
		};
		53D279FB1D49F79200E387BD /* View */ = {
			isa = PBXGroup;
			children = (
			);
			path = View;
			sourceTree = "<group>";
		};
		C6840F0956CE7DC77A8C5F28 /* Pods */ = {
			isa = PBXGroup;
			children = (
				1BCBD68419FAB80EFE57CC8D /* Pods-PlantsYou.debug.xcconfig */,
				151AA40DBF37694CBBBADE46 /* Pods-PlantsYou.release.xcconfig */,
			);
			name = Pods;
			sourceTree = "<group>";
		};
/* End PBXGroup section */

/* Begin PBXNativeTarget section */
		537A64621D464EF200F1E6CC /* PlantsYou */ = {
			isa = PBXNativeTarget;
			buildConfigurationList = 537A647A1D464EF200F1E6CC /* Build configuration list for PBXNativeTarget "PlantsYou" */;
			buildPhases = (
				DBD25B16C38EE938670169D4 /* [CP] Check Pods Manifest.lock */,
				537A645F1D464EF200F1E6CC /* Sources */,
				537A64601D464EF200F1E6CC /* Frameworks */,
				537A64611D464EF200F1E6CC /* Resources */,
				2155B12E588714962EF7F290 /* [CP] Embed Pods Frameworks */,
				B2777BA3639695D066A24454 /* [CP] Copy Pods Resources */,
			);
			buildRules = (
			);
			dependencies = (
			);
			name = PlantsYou;
			productName = PlantsYou;
			productReference = 537A64631D464EF200F1E6CC /* PlantsYou.app */;
			productType = "com.apple.product-type.application";
		};
/* End PBXNativeTarget section */

/* Begin PBXProject section */
		537A645B1D464EF200F1E6CC /* Project object */ = {
			isa = PBXProject;
			attributes = {
				CLASSPREFIX = PY;
				LastUpgradeCheck = 0730;
				ORGANIZATIONNAME = Mr.C;
				TargetAttributes = {
					537A64621D464EF200F1E6CC = {
						CreatedOnToolsVersion = 7.3.1;
					};
				};
			};
			buildConfigurationList = 537A645E1D464EF200F1E6CC /* Build configuration list for PBXProject "PlantsYou" */;
			compatibilityVersion = "Xcode 3.2";
			developmentRegion = English;
			hasScannedForEncodings = 0;
			knownRegions = (
				en,
				Base,
			);
			mainGroup = 537A645A1D464EF200F1E6CC;
			productRefGroup = 537A64641D464EF200F1E6CC /* Products */;
			projectDirPath = "";
			projectRoot = "";
			targets = (
				537A64621D464EF200F1E6CC /* PlantsYou */,
			);
		};
/* End PBXProject section */

/* Begin PBXResourcesBuildPhase section */
		537A64611D464EF200F1E6CC /* Resources */ = {
			isa = PBXResourcesBuildPhase;
			buildActionMask = 2147483647;
			files = (
				53D27A131D4A03C600E387BD /* LaunchImage-700-568h@2x.png in Resources */,
				53D27A121D4A03C600E387BD /* launch.png in Resources */,
				53174DC11D4BAF1500DB6AFC /* PYMeViewController.storyboard in Resources */,
				537A64761D464EF200F1E6CC /* LaunchScreen.storyboard in Resources */,
				537A64731D464EF200F1E6CC /* Assets.xcassets in Resources */,
				53174DC61D4BBBC000DB6AFC /* PYMyViewController.xib in Resources */,
				53D27A111D4A03C600E387BD /* info-cover.jpg in Resources */,
				537A64711D464EF200F1E6CC /* Main.storyboard in Resources */,
			);
			runOnlyForDeploymentPostprocessing = 0;
		};
/* End PBXResourcesBuildPhase section */

/* Begin PBXShellScriptBuildPhase section */
		2155B12E588714962EF7F290 /* [CP] Embed Pods Frameworks */ = {
			isa = PBXShellScriptBuildPhase;
			buildActionMask = 2147483647;
			files = (
			);
			inputPaths = (
			);
			name = "[CP] Embed Pods Frameworks";
			outputPaths = (
			);
			runOnlyForDeploymentPostprocessing = 0;
			shellPath = /bin/sh;
			shellScript = "\"${SRCROOT}/Pods/Target Support Files/Pods-PlantsYou/Pods-PlantsYou-frameworks.sh\"\n";
			showEnvVarsInLog = 0;
		};
		B2777BA3639695D066A24454 /* [CP] Copy Pods Resources */ = {
			isa = PBXShellScriptBuildPhase;
			buildActionMask = 2147483647;
			files = (
			);
			inputPaths = (
			);
			name = "[CP] Copy Pods Resources";
			outputPaths = (
			);
			runOnlyForDeploymentPostprocessing = 0;
			shellPath = /bin/sh;
			shellScript = "\"${SRCROOT}/Pods/Target Support Files/Pods-PlantsYou/Pods-PlantsYou-resources.sh\"\n";
			showEnvVarsInLog = 0;
		};
		DBD25B16C38EE938670169D4 /* [CP] Check Pods Manifest.lock */ = {
			isa = PBXShellScriptBuildPhase;
			buildActionMask = 2147483647;
			files = (
			);
			inputPaths = (
			);
			name = "[CP] Check Pods Manifest.lock";
			outputPaths = (
			);
			runOnlyForDeploymentPostprocessing = 0;
			shellPath = /bin/sh;
			shellScript = "diff \"${PODS_ROOT}/../Podfile.lock\" \"${PODS_ROOT}/Manifest.lock\" > /dev/null\nif [[ $? != 0 ]] ; then\n    cat << EOM\nerror: The sandbox is not in sync with the Podfile.lock. Run 'pod install' or update your CocoaPods installation.\nEOM\n    exit 1\nfi\n";
			showEnvVarsInLog = 0;
		};
/* End PBXShellScriptBuildPhase section */

/* Begin PBXSourcesBuildPhase section */
		537A645F1D464EF200F1E6CC /* Sources */ = {
			isa = PBXSourcesBuildPhase;
			buildActionMask = 2147483647;
			files = (
				53D279D61D47217600E387BD /* main.m in Sources */,
				53D27A0A1D49FEFD00E387BD /* PYPlantsViewController.m in Sources */,
				53D279F01D49F4D700E387BD /* UIView+Frame.m in Sources */,
				53D27A0D1D49FF4B00E387BD /* PYMeViewController.m in Sources */,
				53D27A011D49F9C100E387BD /* PYNavigationController.m in Sources */,
				53D279FE1D49F7C500E387BD /* PYTabBarController.m in Sources */,
				53D279D51D47217600E387BD /* AppDelegate.m in Sources */,
				53D279EF1D49F4D700E387BD /* UITextField+ZWPlaceholder.m in Sources */,
				53D27A191D4B59EE00E387BD /* PYTopMenuModel.m in Sources */,
				53D279EE1D49F4D700E387BD /* UIImage+Image.m in Sources */,
				53D27A041D49FE4100E387BD /* PYPlantLifeViewController.m in Sources */,
				53174DC51D4BBBC000DB6AFC /* PYMyViewController.m in Sources */,
				53D279EC1D49F4D700E387BD /* NSDate+ZWDate.m in Sources */,
				53D279ED1D49F4D700E387BD /* UIBarButtonItem+navItem.m in Sources */,
			);
			runOnlyForDeploymentPostprocessing = 0;
		};
/* End PBXSourcesBuildPhase section */

/* Begin PBXVariantGroup section */
		537A646F1D464EF200F1E6CC /* Main.storyboard */ = {
			isa = PBXVariantGroup;
			children = (
				537A64701D464EF200F1E6CC /* Base */,
			);
			name = Main.storyboard;
			sourceTree = "<group>";
		};
		537A64741D464EF200F1E6CC /* LaunchScreen.storyboard */ = {
			isa = PBXVariantGroup;
			children = (
				537A64751D464EF200F1E6CC /* Base */,
			);
			name = LaunchScreen.storyboard;
			sourceTree = "<group>";
		};
/* End PBXVariantGroup section */

/* Begin XCBuildConfiguration section */
		537A64781D464EF200F1E6CC /* Debug */ = {
			isa = XCBuildConfiguration;
			buildSettings = {
				ALWAYS_SEARCH_USER_PATHS = NO;
				CLANG_ANALYZER_NONNULL = YES;
				CLANG_CXX_LANGUAGE_STANDARD = "gnu++0x";
				CLANG_CXX_LIBRARY = "libc++";
				CLANG_ENABLE_MODULES = YES;
				CLANG_ENABLE_OBJC_ARC = YES;
				CLANG_WARN_BOOL_CONVERSION = YES;
				CLANG_WARN_CONSTANT_CONVERSION = YES;
				CLANG_WARN_DIRECT_OBJC_ISA_USAGE = YES_ERROR;
				CLANG_WARN_EMPTY_BODY = YES;
				CLANG_WARN_ENUM_CONVERSION = YES;
				CLANG_WARN_INT_CONVERSION = YES;
				CLANG_WARN_OBJC_ROOT_CLASS = YES_ERROR;
				CLANG_WARN_UNREACHABLE_CODE = YES;
				CLANG_WARN__DUPLICATE_METHOD_MATCH = YES;
				"CODE_SIGN_IDENTITY[sdk=iphoneos*]" = "iPhone Developer";
				COPY_PHASE_STRIP = NO;
				DEBUG_INFORMATION_FORMAT = dwarf;
				ENABLE_STRICT_OBJC_MSGSEND = YES;
				ENABLE_TESTABILITY = YES;
				GCC_C_LANGUAGE_STANDARD = gnu99;
				GCC_DYNAMIC_NO_PIC = NO;
				GCC_NO_COMMON_BLOCKS = YES;
				GCC_OPTIMIZATION_LEVEL = 0;
				GCC_PREPROCESSOR_DEFINITIONS = (
					"DEBUG=1",
					"$(inherited)",
				);
				GCC_WARN_64_TO_32_BIT_CONVERSION = YES;
				GCC_WARN_ABOUT_RETURN_TYPE = YES_ERROR;
				GCC_WARN_UNDECLARED_SELECTOR = YES;
				GCC_WARN_UNINITIALIZED_AUTOS = YES_AGGRESSIVE;
				GCC_WARN_UNUSED_FUNCTION = YES;
				GCC_WARN_UNUSED_VARIABLE = YES;
				IPHONEOS_DEPLOYMENT_TARGET = 9.3;
				MTL_ENABLE_DEBUG_INFO = YES;
				ONLY_ACTIVE_ARCH = YES;
				SDKROOT = iphoneos;
			};
			name = Debug;
		};
		537A64791D464EF200F1E6CC /* Release */ = {
			isa = XCBuildConfiguration;
			buildSettings = {
				ALWAYS_SEARCH_USER_PATHS = NO;
				CLANG_ANALYZER_NONNULL = YES;
				CLANG_CXX_LANGUAGE_STANDARD = "gnu++0x";
				CLANG_CXX_LIBRARY = "libc++";
				CLANG_ENABLE_MODULES = YES;
				CLANG_ENABLE_OBJC_ARC = YES;
				CLANG_WARN_BOOL_CONVERSION = YES;
				CLANG_WARN_CONSTANT_CONVERSION = YES;
				CLANG_WARN_DIRECT_OBJC_ISA_USAGE = YES_ERROR;
				CLANG_WARN_EMPTY_BODY = YES;
				CLANG_WARN_ENUM_CONVERSION = YES;
				CLANG_WARN_INT_CONVERSION = YES;
				CLANG_WARN_OBJC_ROOT_CLASS = YES_ERROR;
				CLANG_WARN_UNREACHABLE_CODE = YES;
				CLANG_WARN__DUPLICATE_METHOD_MATCH = YES;
				"CODE_SIGN_IDENTITY[sdk=iphoneos*]" = "iPhone Developer";
				COPY_PHASE_STRIP = NO;
				DEBUG_INFORMATION_FORMAT = "dwarf-with-dsym";
				ENABLE_NS_ASSERTIONS = NO;
				ENABLE_STRICT_OBJC_MSGSEND = YES;
				GCC_C_LANGUAGE_STANDARD = gnu99;
				GCC_NO_COMMON_BLOCKS = YES;
				GCC_WARN_64_TO_32_BIT_CONVERSION = YES;
				GCC_WARN_ABOUT_RETURN_TYPE = YES_ERROR;
				GCC_WARN_UNDECLARED_SELECTOR = YES;
				GCC_WARN_UNINITIALIZED_AUTOS = YES_AGGRESSIVE;
				GCC_WARN_UNUSED_FUNCTION = YES;
				GCC_WARN_UNUSED_VARIABLE = YES;
				IPHONEOS_DEPLOYMENT_TARGET = 9.3;
				MTL_ENABLE_DEBUG_INFO = NO;
				SDKROOT = iphoneos;
				VALIDATE_PRODUCT = YES;
			};
			name = Release;
		};
		537A647B1D464EF200F1E6CC /* Debug */ = {
			isa = XCBuildConfiguration;
			baseConfigurationReference = 1BCBD68419FAB80EFE57CC8D /* Pods-PlantsYou.debug.xcconfig */;
			buildSettings = {
				ASSETCATALOG_COMPILER_APPICON_NAME = AppIcon;
				GCC_PRECOMPILE_PREFIX_HEADER = YES;
				GCC_PREFIX_HEADER = PlantsYou/Classes/Others/PlantsYou.pch;
				INFOPLIST_FILE = PlantsYou/Info.plist;
				IPHONEOS_DEPLOYMENT_TARGET = 8.0;
				LD_RUNPATH_SEARCH_PATHS = "$(inherited) @executable_path/Frameworks";
				PRODUCT_BUNDLE_IDENTIFIER = com.imust.PlantsYou;
				PRODUCT_NAME = "$(TARGET_NAME)";
			};
			name = Debug;
		};
		537A647C1D464EF200F1E6CC /* Release */ = {
			isa = XCBuildConfiguration;
			baseConfigurationReference = 151AA40DBF37694CBBBADE46 /* Pods-PlantsYou.release.xcconfig */;
			buildSettings = {
				ASSETCATALOG_COMPILER_APPICON_NAME = AppIcon;
				GCC_PRECOMPILE_PREFIX_HEADER = YES;
				GCC_PREFIX_HEADER = PlantsYou/Classes/Others/PlantsYou.pch;
				INFOPLIST_FILE = PlantsYou/Info.plist;
				IPHONEOS_DEPLOYMENT_TARGET = 8.0;
				LD_RUNPATH_SEARCH_PATHS = "$(inherited) @executable_path/Frameworks";
				PRODUCT_BUNDLE_IDENTIFIER = com.imust.PlantsYou;
				PRODUCT_NAME = "$(TARGET_NAME)";
			};
			name = Release;
		};
/* End XCBuildConfiguration section */

/* Begin XCConfigurationList section */
		537A645E1D464EF200F1E6CC /* Build configuration list for PBXProject "PlantsYou" */ = {
			isa = XCConfigurationList;
			buildConfigurations = (
				537A64781D464EF200F1E6CC /* Debug */,
				537A64791D464EF200F1E6CC /* Release */,
			);
			defaultConfigurationIsVisible = 0;
			defaultConfigurationName = Release;
		};
		537A647A1D464EF200F1E6CC /* Build configuration list for PBXNativeTarget "PlantsYou" */ = {
			isa = XCConfigurationList;
			buildConfigurations = (
				537A647B1D464EF200F1E6CC /* Debug */,
				537A647C1D464EF200F1E6CC /* Release */,
			);
			defaultConfigurationIsVisible = 0;
			defaultConfigurationName = Release;
		};
/* End XCConfigurationList section */
	};
	rootObject = 537A645B1D464EF200F1E6CC /* Project object */;
}
